{
  "name": "bible-romanian",
  "version": "1.0.0",
  "lockfileVersion": 1,
  "requires": true,
  "dependencies": {
    "bible-reference-parser": {
      "version": "3.0.0",
      "resolved": "https://registry.npmjs.org/bible-reference-parser/-/bible-reference-parser-3.0.0.tgz",
      "integrity": "sha512-4DO+LUBxVwmLAzLHV2zVr6cVkZ+r+HxY3mwBeXg2uTGe/XCkH1PrxQvBcslZSWWC/EsMnNMwdnjUn2ONQMi5cw=="
    }
  }
}
